
Microsoft Visual Studio Solution File, Format Version 12.00
# Visual Studio Version 17
VisualStudioVersion = 17.10.35013.160
MinimumVisualStudioVersion = 10.0.40219.1
Project("{FAE04EC0-301F-11D3-BF4B-00C04F79EFBC}") = "Requisitos", "Requisitos.csproj", "{D79FA94E-24D4-4D0F-88B5-D3B9307E6FCC}"
EndProject
Global
	GlobalSection(SolutionConfigurationPlatforms) = preSolution
		Debug|Any CPU = Debug|Any CPU
		Release|Any CPU = Release|Any CPU
	EndGlobalSection
	GlobalSection(ProjectConfigurationPlatforms) = postSolution
		{D79FA94E-24D4-4D0F-88B5-D3B9307E6FCC}.Debug|Any CPU.ActiveCfg = Debug|Any CPU
		{D79FA94E-24D4-4D0F-88B5-D3B9307E6FCC}.Debug|Any CPU.Build.0 = Debug|Any CPU
		{D79FA94E-24D4-4D0F-88B5-D3B9307E6FCC}.Release|Any CPU.ActiveCfg = Release|Any CPU
		{D79FA94E-24D4-4D0F-88B5-D3B9307E6FCC}.Release|Any CPU.Build.0 = Release|Any CPU
	EndGlobalSection
	GlobalSection(SolutionProperties) = preSolution
		HideSolutionNode = FALSE
	EndGlobalSection
	GlobalSection(ExtensibilityGlobals) = postSolution
		SolutionGuid = {A5CF73DF-29D5-49D7-9479-2FC65D9AD264}
	EndGlobalSection
EndGlobal
